
Microsoft Visual Studio Solution File, Format Version 12.00
# Visual Studio Version 17
VisualStudioVersion = 17.9.34728.123
MinimumVisualStudioVersion = 10.0.40219.1
Project("{FAE04EC0-301F-11D3-BF4B-00C04F79EFBC}") = "AzureAIRunner", "AzureAIRunner.csproj", "{4C8CB9C4-E71B-41B9-82ED-598AF8BEDF38}"
EndProject
Global
	GlobalSection(SolutionConfigurationPlatforms) = preSolution
		Debug|Any CPU = Debug|Any CPU
		Release|Any CPU = Release|Any CPU
	EndGlobalSection
	GlobalSection(ProjectConfigurationPlatforms) = postSolution
		{4C8CB9C4-E71B-41B9-82ED-598AF8BEDF38}.Debug|Any CPU.ActiveCfg = Debug|Any CPU
		{4C8CB9C4-E71B-41B9-82ED-598AF8BEDF38}.Debug|Any CPU.Build.0 = Debug|Any CPU
		{4C8CB9C4-E71B-41B9-82ED-598AF8BEDF38}.Release|Any CPU.ActiveCfg = Release|Any CPU
		{4C8CB9C4-E71B-41B9-82ED-598AF8BEDF38}.Release|Any CPU.Build.0 = Release|Any CPU
	EndGlobalSection
	GlobalSection(SolutionProperties) = preSolution
		HideSolutionNode = FALSE
	EndGlobalSection
	GlobalSection(ExtensibilityGlobals) = postSolution
		SolutionGuid = {1535725F-4F81-4E1E-A526-65C7515E8B3A}
	EndGlobalSection
EndGlobal
